// !$*UTF8*$!
{
	archiveVersion = 1;
	classes = {
	};
	objectVersion = 77;
	objects = {

/* Begin PBXBuildFile section */
		3DA094392FDE11ED00A7CEE1 /* ElegantTabs in Frameworks */ = {isa = PBXBuildFile; productRef = 3DA094382FDE11ED00A7CEE1 /* ElegantTabs */; };
		3DA0943C2FDE121200A7CEE1 /* LaunchAtLogin in Frameworks */ = {isa = PBXBuildFile; productRef = 3DA0943B2FDE121200A7CEE1 /* LaunchAtLogin */; };
		3DE02E9D2FE70072000CDCBD /* CloudSummaryWidgetFreshness.swift in Sources */ = {isa = PBXBuildFile; fileRef = 3DE02E9C2FE7006D000CDCBD /* CloudSummaryWidgetFreshness.swift */; };
		3DF000012FDD000100000101 /* yaControlWidget.appex in Embed App Extensions */ = {isa = PBXBuildFile; fileRef = 3DF000012FDD000100000001 /* yaControlWidget.appex */; settings = {ATTRIBUTES = (RemoveHeadersOnCopy, ); }; };
		3DF000012FDD000100000102 /* CloudSummaryWidget.swift in Sources */ = {isa = PBXBuildFile; fileRef = 3DF000012FDD000100000003 /* CloudSummaryWidget.swift */; };
		3DF000012FDD000100000103 /* CloudSummaryWidgetEntry.swift in Sources */ = {isa = PBXBuildFile; fileRef = 3DF000012FDD000100000004 /* CloudSummaryWidgetEntry.swift */; };
		3DF000012FDD000100000104 /* CloudSummaryWidgetProvider.swift in Sources */ = {isa = PBXBuildFile; fileRef = 3DF000012FDD000100000005 /* CloudSummaryWidgetProvider.swift */; };
		3DF000012FDD000100000105 /* CloudSummaryWidgetView.swift in Sources */ = {isa = PBXBuildFile; fileRef = 3DF000012FDD000100000006 /* CloudSummaryWidgetView.swift */; };
		3DF000012FDD000100000106 /* Localizable.xcstrings in Resources */ = {isa = PBXBuildFile; fileRef = 3DF000012FDD000100000009 /* Localizable.xcstrings */; };
		3DF000012FDD000100000107 /* yaControl/Helpers/Widget/AppGroupConfig.swift in Sources */ = {isa = PBXBuildFile; fileRef = 3DF000012FDD00010000000A /* yaControl/Helpers/Widget/AppGroupConfig.swift */; };
		3DF000012FDD000100000108 /* yaControl/Helpers/Widget/CloudSummarySnapshot.swift in Sources */ = {isa = PBXBuildFile; fileRef = 3DF000012FDD00010000000B /* yaControl/Helpers/Widget/CloudSummarySnapshot.swift */; };
		3DF000012FDD000100000109 /* yaControl/Helpers/Widget/CloudSummarySnapshotStore.swift in Sources */ = {isa = PBXBuildFile; fileRef = 3DF000012FDD00010000000C /* yaControl/Helpers/Widget/CloudSummarySnapshotStore.swift */; };
		3DF000012FDD00010000010A /* yaControl/Helpers/Widget/CloudSummaryWidgetKind.swift in Sources */ = {isa = PBXBuildFile; fileRef = 3DF000012FDD00010000000F /* yaControl/Helpers/Widget/CloudSummaryWidgetKind.swift */; };
/* End PBXBuildFile section */

/* Begin PBXContainerItemProxy section */
		3DF000012FDD000100000201 /* PBXContainerItemProxy */ = {
			isa = PBXContainerItemProxy;
			containerPortal = 3D333ECB2D639DF100D795BF /* Project object */;
			proxyType = 1;
			remoteGlobalIDString = 3DF000012FDD000100000301;
			remoteInfo = yaControlWidget;
		};
		3DF100012FE9000000000201 /* PBXContainerItemProxy */ = {
			isa = PBXContainerItemProxy;
			containerPortal = 3D333ECB2D639DF100D795BF /* Project object */;
			proxyType = 1;
			remoteGlobalIDString = 3D333ED22D639DF100D795BF;
			remoteInfo = yaControl;
		};
/* End PBXContainerItemProxy section */

/* Begin PBXCopyFilesBuildPhase section */
		3DF000012FDD000100000202 /* Embed App Extensions */ = {
			isa = PBXCopyFilesBuildPhase;
			buildActionMask = 2147483647;
			dstPath = "";
			dstSubfolderSpec = 13;
			files = (
				3DF000012FDD000100000101 /* yaControlWidget.appex in Embed App Extensions */,
			);
			name = "Embed App Extensions";
			runOnlyForDeploymentPostprocessing = 0;
		};
/* End PBXCopyFilesBuildPhase section */

/* Begin PBXFileReference section */
		3D333ED32D639DF100D795BF /* yaControl.app */ = {isa = PBXFileReference; explicitFileType = wrapper.application; includeInIndex = 0; path = yaControl.app; sourceTree = BUILT_PRODUCTS_DIR; };
		3DE02E9C2FE7006D000CDCBD /* CloudSummaryWidgetFreshness.swift */ = {isa = PBXFileReference; lastKnownFileType = sourcecode.swift; path = CloudSummaryWidgetFreshness.swift; sourceTree = "<group>"; };
		3DF000012FDD000100000001 /* yaControlWidget.appex */ = {isa = PBXFileReference; explicitFileType = "wrapper.app-extension"; includeInIndex = 0; path = yaControlWidget.appex; sourceTree = BUILT_PRODUCTS_DIR; };
		3DF000012FDD000100000003 /* CloudSummaryWidget.swift */ = {isa = PBXFileReference; lastKnownFileType = sourcecode.swift; path = CloudSummaryWidget.swift; sourceTree = "<group>"; };
		3DF000012FDD000100000004 /* CloudSummaryWidgetEntry.swift */ = {isa = PBXFileReference; lastKnownFileType = sourcecode.swift; path = CloudSummaryWidgetEntry.swift; sourceTree = "<group>"; };
		3DF000012FDD000100000005 /* CloudSummaryWidgetProvider.swift */ = {isa = PBXFileReference; lastKnownFileType = sourcecode.swift; path = CloudSummaryWidgetProvider.swift; sourceTree = "<group>"; };
		3DF000012FDD000100000006 /* CloudSummaryWidgetView.swift */ = {isa = PBXFileReference; lastKnownFileType = sourcecode.swift; path = CloudSummaryWidgetView.swift; sourceTree = "<group>"; };
		3DF000012FDD000100000007 /* Info.plist */ = {isa = PBXFileReference; lastKnownFileType = text.plist.xml; path = Info.plist; sourceTree = "<group>"; };
		3DF000012FDD000100000008 /* yaControlWidget.entitlements */ = {isa = PBXFileReference; lastKnownFileType = text.plist.entitlements; path = yaControlWidget.entitlements; sourceTree = "<group>"; };
		3DF000012FDD000100000009 /* Localizable.xcstrings */ = {isa = PBXFileReference; lastKnownFileType = text.json.xcstrings; path = Localizable.xcstrings; sourceTree = "<group>"; };
		3DF000012FDD00010000000A /* yaControl/Helpers/Widget/AppGroupConfig.swift */ = {isa = PBXFileReference; lastKnownFileType = sourcecode.swift; path = yaControl/Helpers/Widget/AppGroupConfig.swift; sourceTree = "<group>"; };
		3DF000012FDD00010000000B /* yaControl/Helpers/Widget/CloudSummarySnapshot.swift */ = {isa = PBXFileReference; lastKnownFileType = sourcecode.swift; path = yaControl/Helpers/Widget/CloudSummarySnapshot.swift; sourceTree = "<group>"; };
		3DF000012FDD00010000000C /* yaControl/Helpers/Widget/CloudSummarySnapshotStore.swift */ = {isa = PBXFileReference; lastKnownFileType = sourcecode.swift; path = yaControl/Helpers/Widget/CloudSummarySnapshotStore.swift; sourceTree = "<group>"; };
		3DF000012FDD00010000000F /* yaControl/Helpers/Widget/CloudSummaryWidgetKind.swift */ = {isa = PBXFileReference; lastKnownFileType = sourcecode.swift; path = yaControl/Helpers/Widget/CloudSummaryWidgetKind.swift; sourceTree = "<group>"; };
		3DF100012FE9000000000001 /* yaControlTests.xctest */ = {isa = PBXFileReference; explicitFileType = wrapper.cfbundle; includeInIndex = 0; path = yaControlTests.xctest; sourceTree = BUILT_PRODUCTS_DIR; };
/* End PBXFileReference section */

/* Begin PBXFileSystemSynchronizedBuildFileExceptionSet section */
		3DCD404C2FDEE3200074A9AA /* Exceptions for "yaControl" folder in "yaControlWidget" target */ = {
			isa = PBXFileSystemSynchronizedBuildFileExceptionSet;
			membershipExceptions = (
				Helpers/Formatting/BillingFormattingHelper.swift,
				Helpers/Widget/WidgetSharedSettings.swift,
			);
			target = 3DF000012FDD000100000301 /* yaControlWidget */;
		};
/* End PBXFileSystemSynchronizedBuildFileExceptionSet section */

/* Begin PBXFileSystemSynchronizedRootGroup section */
		3D333ED52D639DF100D795BF /* yaControl */ = {
			isa = PBXFileSystemSynchronizedRootGroup;
			exceptions = (
				3DCD404C2FDEE3200074A9AA /* Exceptions for "yaControl" folder in "yaControlWidget" target */,
			);
			path = yaControl;
			sourceTree = "<group>";
		};
		3DE02F7B2FE82618000CDCBD /* SubViews */ = {
			isa = PBXFileSystemSynchronizedRootGroup;
			path = SubViews;
			sourceTree = "<group>";
		};
		3DF100012FE9000000000002 /* yaControlTests */ = {
			isa = PBXFileSystemSynchronizedRootGroup;
			path = yaControlTests;
			sourceTree = "<group>";
		};
/* End PBXFileSystemSynchronizedRootGroup section */

/* Begin PBXFrameworksBuildPhase section */
		3D333ED02D639DF100D795BF /* Frameworks */ = {
			isa = PBXFrameworksBuildPhase;
			buildActionMask = 2147483647;
			files = (
				3DA0943C2FDE121200A7CEE1 /* LaunchAtLogin in Frameworks */,
				3DA094392FDE11ED00A7CEE1 /* ElegantTabs in Frameworks */,
			);
			runOnlyForDeploymentPostprocessing = 0;
		};
		3DF000012FDD000100000203 /* Frameworks */ = {
			isa = PBXFrameworksBuildPhase;
			buildActionMask = 2147483647;
			files = (
			);
			runOnlyForDeploymentPostprocessing = 0;
		};
		3DF100012FE9000000000102 /* Frameworks */ = {
			isa = PBXFrameworksBuildPhase;
			buildActionMask = 2147483647;
			files = (
			);
			runOnlyForDeploymentPostprocessing = 0;
		};
/* End PBXFrameworksBuildPhase section */

/* Begin PBXGroup section */
		3D333ECA2D639DF100D795BF = {
			isa = PBXGroup;
			children = (
				3D333ED52D639DF100D795BF /* yaControl */,
				3DF000012FDD000100000002 /* yaControlWidget */,
				3DF100012FE9000000000002 /* yaControlTests */,
				3DF000012FDD00010000000D /* Widget Shared Files */,
				3D333ED42D639DF100D795BF /* Products */,
			);
			sourceTree = "<group>";
		};
		3D333ED42D639DF100D795BF /* Products */ = {
			isa = PBXGroup;
			children = (
				3D333ED32D639DF100D795BF /* yaControl.app */,
				3DF000012FDD000100000001 /* yaControlWidget.appex */,
				3DF100012FE9000000000001 /* yaControlTests.xctest */,
			);
			name = Products;
			sourceTree = "<group>";
		};
		3DF000012FDD000100000002 /* yaControlWidget */ = {
			isa = PBXGroup;
			children = (
				3DE02F7B2FE82618000CDCBD /* SubViews */,
				3DE02E9C2FE7006D000CDCBD /* CloudSummaryWidgetFreshness.swift */,
				3DF000012FDD000100000003 /* CloudSummaryWidget.swift */,
				3DF000012FDD000100000004 /* CloudSummaryWidgetEntry.swift */,
				3DF000012FDD000100000005 /* CloudSummaryWidgetProvider.swift */,
				3DF000012FDD000100000006 /* CloudSummaryWidgetView.swift */,
				3DF000012FDD000100000007 /* Info.plist */,
				3DF000012FDD000100000008 /* yaControlWidget.entitlements */,
				3DF000012FDD00010000000E /* Resources */,
			);
			path = yaControlWidget;
			sourceTree = "<group>";
		};
		3DF000012FDD00010000000D /* Widget Shared Files */ = {
			isa = PBXGroup;
			children = (
				3DF000012FDD00010000000A /* yaControl/Helpers/Widget/AppGroupConfig.swift */,
				3DF000012FDD00010000000F /* yaControl/Helpers/Widget/CloudSummaryWidgetKind.swift */,
				3DF000012FDD00010000000B /* yaControl/Helpers/Widget/CloudSummarySnapshot.swift */,
				3DF000012FDD00010000000C /* yaControl/Helpers/Widget/CloudSummarySnapshotStore.swift */,
			);
			name = "Widget Shared Files";
			sourceTree = "<group>";
		};
		3DF000012FDD00010000000E /* Resources */ = {
			isa = PBXGroup;
			children = (
				3DF000012FDD000100000009 /* Localizable.xcstrings */,
			);
			path = Resources;
			sourceTree = "<group>";
		};
/* End PBXGroup section */

/* Begin PBXNativeTarget section */
		3D333ED22D639DF100D795BF /* yaControl */ = {
			isa = PBXNativeTarget;
			buildConfigurationList = 3D333EE22D639DF200D795BF /* Build configuration list for PBXNativeTarget "yaControl" */;
			buildPhases = (
				3D333ECF2D639DF100D795BF /* Sources */,
				3D333ED02D639DF100D795BF /* Frameworks */,
				3D333ED12D639DF100D795BF /* Resources */,
				3DF000012FDD000100000202 /* Embed App Extensions */,
			);
			buildRules = (
			);
			dependencies = (
				3DF000012FDD000100000204 /* PBXTargetDependency */,
			);
			fileSystemSynchronizedGroups = (
				3D333ED52D639DF100D795BF /* yaControl */,
			);
			name = yaControl;
			packageProductDependencies = (
				3DA094382FDE11ED00A7CEE1 /* ElegantTabs */,
				3DA0943B2FDE121200A7CEE1 /* LaunchAtLogin */,
			);
			productName = yaControl;
			productReference = 3D333ED32D639DF100D795BF /* yaControl.app */;
			productType = "com.apple.product-type.application";
		};
		3DF000012FDD000100000301 /* yaControlWidget */ = {
			isa = PBXNativeTarget;
			buildConfigurationList = 3DF000012FDD000100000404 /* Build configuration list for PBXNativeTarget "yaControlWidget" */;
			buildPhases = (
				3DF000012FDD000100000205 /* Sources */,
				3DF000012FDD000100000203 /* Frameworks */,
				3DF000012FDD000100000206 /* Resources */,
			);
			buildRules = (
			);
			dependencies = (
			);
			fileSystemSynchronizedGroups = (
				3DE02F7B2FE82618000CDCBD /* SubViews */,
			);
			name = yaControlWidget;
			packageProductDependencies = (
			);
			productName = yaControlWidget;
			productReference = 3DF000012FDD000100000001 /* yaControlWidget.appex */;
			productType = "com.apple.product-type.app-extension";
		};
		3DF100012FE9000000000301 /* yaControlTests */ = {
			isa = PBXNativeTarget;
			buildConfigurationList = 3DF100012FE9000000000404 /* Build configuration list for PBXNativeTarget "yaControlTests" */;
			buildPhases = (
				3DF100012FE9000000000101 /* Sources */,
				3DF100012FE9000000000102 /* Frameworks */,
				3DF100012FE9000000000103 /* Resources */,
			);
			buildRules = (
			);
			dependencies = (
				3DF100012FE9000000000202 /* PBXTargetDependency */,
			);
			fileSystemSynchronizedGroups = (
				3DF100012FE9000000000002 /* yaControlTests */,
			);
			name = yaControlTests;
			packageProductDependencies = (
			);
			productName = yaControlTests;
			productReference = 3DF100012FE9000000000001 /* yaControlTests.xctest */;
			productType = "com.apple.product-type.bundle.unit-test";
		};
/* End PBXNativeTarget section */

/* Begin PBXProject section */
		3D333ECB2D639DF100D795BF /* Project object */ = {
			isa = PBXProject;
			attributes = {
				BuildIndependentTargetsInParallel = 1;
				LastSwiftUpdateCheck = 1620;
				LastUpgradeCheck = 1620;
				TargetAttributes = {
					3D333ED22D639DF100D795BF = {
						CreatedOnToolsVersion = 16.2;
					};
					3DF000012FDD000100000301 = {
						CreatedOnToolsVersion = 16.2;
					};
					3DF100012FE9000000000301 = {
						CreatedOnToolsVersion = 16.2;
						TestTargetID = 3D333ED22D639DF100D795BF;
					};
				};
			};
			buildConfigurationList = 3D333ECE2D639DF100D795BF /* Build configuration list for PBXProject "yaControl" */;
			developmentRegion = en;
			hasScannedForEncodings = 0;
			knownRegions = (
				en,
				Base,
				ru,
				kk,
			);
			mainGroup = 3D333ECA2D639DF100D795BF;
			minimizedProjectReferenceProxies = 1;
			packageReferences = (
				3DA094372FDE11ED00A7CEE1 /* XCRemoteSwiftPackageReference "ElegantTabs" */,
				3DA0943A2FDE121200A7CEE1 /* XCRemoteSwiftPackageReference "LaunchAtLogin-Modern" */,
			);
			preferredProjectObjectVersion = 77;
			productRefGroup = 3D333ED42D639DF100D795BF /* Products */;
			projectDirPath = "";
			projectRoot = "";
			targets = (
				3D333ED22D639DF100D795BF /* yaControl */,
				3DF000012FDD000100000301 /* yaControlWidget */,
				3DF100012FE9000000000301 /* yaControlTests */,
			);
		};
/* End PBXProject section */

/* Begin PBXResourcesBuildPhase section */
		3D333ED12D639DF100D795BF /* Resources */ = {
			isa = PBXResourcesBuildPhase;
			buildActionMask = 2147483647;
			files = (
			);
			runOnlyForDeploymentPostprocessing = 0;
		};
		3DF000012FDD000100000206 /* Resources */ = {
			isa = PBXResourcesBuildPhase;
			buildActionMask = 2147483647;
			files = (
				3DF000012FDD000100000106 /* Localizable.xcstrings in Resources */,
			);
			runOnlyForDeploymentPostprocessing = 0;
		};
		3DF100012FE9000000000103 /* Resources */ = {
			isa = PBXResourcesBuildPhase;
			buildActionMask = 2147483647;
			files = (
			);
			runOnlyForDeploymentPostprocessing = 0;
		};
/* End PBXResourcesBuildPhase section */

/* Begin PBXSourcesBuildPhase section */
		3D333ECF2D639DF100D795BF /* Sources */ = {
			isa = PBXSourcesBuildPhase;
			buildActionMask = 2147483647;
			files = (
			);
			runOnlyForDeploymentPostprocessing = 0;
		};
		3DF000012FDD000100000205 /* Sources */ = {
			isa = PBXSourcesBuildPhase;
			buildActionMask = 2147483647;
			files = (
				3DF000012FDD000100000102 /* CloudSummaryWidget.swift in Sources */,
				3DF000012FDD000100000103 /* CloudSummaryWidgetEntry.swift in Sources */,
				3DF000012FDD000100000104 /* CloudSummaryWidgetProvider.swift in Sources */,
				3DF000012FDD000100000105 /* CloudSummaryWidgetView.swift in Sources */,
				3DE02E9D2FE70072000CDCBD /* CloudSummaryWidgetFreshness.swift in Sources */,
				3DF000012FDD000100000107 /* yaControl/Helpers/Widget/AppGroupConfig.swift in Sources */,
				3DF000012FDD00010000010A /* yaControl/Helpers/Widget/CloudSummaryWidgetKind.swift in Sources */,
				3DF000012FDD000100000108 /* yaControl/Helpers/Widget/CloudSummarySnapshot.swift in Sources */,
				3DF000012FDD000100000109 /* yaControl/Helpers/Widget/CloudSummarySnapshotStore.swift in Sources */,
			);
			runOnlyForDeploymentPostprocessing = 0;
		};
		3DF100012FE9000000000101 /* Sources */ = {
			isa = PBXSourcesBuildPhase;
			buildActionMask = 2147483647;
			files = (
			);
			runOnlyForDeploymentPostprocessing = 0;
		};
/* End PBXSourcesBuildPhase section */

/* Begin PBXTargetDependency section */
		3DF000012FDD000100000204 /* PBXTargetDependency */ = {
			isa = PBXTargetDependency;
			target = 3DF000012FDD000100000301 /* yaControlWidget */;
			targetProxy = 3DF000012FDD000100000201 /* PBXContainerItemProxy */;
		};
		3DF100012FE9000000000202 /* PBXTargetDependency */ = {
			isa = PBXTargetDependency;
			target = 3D333ED22D639DF100D795BF /* yaControl */;
			targetProxy = 3DF100012FE9000000000201 /* PBXContainerItemProxy */;
		};
/* End PBXTargetDependency section */

/* Begin XCBuildConfiguration section */
		3D333EE02D639DF200D795BF /* Debug */ = {
			isa = XCBuildConfiguration;
			buildSettings = {
				ALWAYS_SEARCH_USER_PATHS = NO;
				ASSETCATALOG_COMPILER_GENERATE_SWIFT_ASSET_SYMBOL_EXTENSIONS = YES;
				CLANG_ANALYZER_NONNULL = YES;
				CLANG_ANALYZER_NUMBER_OBJECT_CONVERSION = YES_AGGRESSIVE;
				CLANG_CXX_LANGUAGE_STANDARD = "gnu++20";
				CLANG_ENABLE_MODULES = YES;
				CLANG_ENABLE_OBJC_ARC = YES;
				CLANG_ENABLE_OBJC_WEAK = YES;
				CLANG_WARN_BLOCK_CAPTURE_AUTORELEASING = YES;
				CLANG_WARN_BOOL_CONVERSION = YES;
				CLANG_WARN_COMMA = YES;
				CLANG_WARN_CONSTANT_CONVERSION = YES;
				CLANG_WARN_DEPRECATED_OBJC_IMPLEMENTATIONS = YES;
				CLANG_WARN_DIRECT_OBJC_ISA_USAGE = YES_ERROR;
				CLANG_WARN_DOCUMENTATION_COMMENTS = YES;
				CLANG_WARN_EMPTY_BODY = YES;
				CLANG_WARN_ENUM_CONVERSION = YES;
				CLANG_WARN_INFINITE_RECURSION = YES;
				CLANG_WARN_INT_CONVERSION = YES;
				CLANG_WARN_NON_LITERAL_NULL_CONVERSION = YES;
				CLANG_WARN_OBJC_IMPLICIT_RETAIN_SELF = YES;
				CLANG_WARN_OBJC_LITERAL_CONVERSION = YES;
				CLANG_WARN_OBJC_ROOT_CLASS = YES_ERROR;
				CLANG_WARN_QUOTED_INCLUDE_IN_FRAMEWORK_HEADER = YES;
				CLANG_WARN_RANGE_LOOP_ANALYSIS = YES;
				CLANG_WARN_STRICT_PROTOTYPES = YES;
				CLANG_WARN_SUSPICIOUS_MOVE = YES;
				CLANG_WARN_UNGUARDED_AVAILABILITY = YES_AGGRESSIVE;
				CLANG_WARN_UNREACHABLE_CODE = YES;
				CLANG_WARN__DUPLICATE_METHOD_MATCH = YES;
				COPY_PHASE_STRIP = NO;
				DEBUG_INFORMATION_FORMAT = dwarf;
				ENABLE_STRICT_OBJC_MSGSEND = YES;
				ENABLE_TESTABILITY = YES;
				ENABLE_USER_SCRIPT_SANDBOXING = YES;
				GCC_C_LANGUAGE_STANDARD = gnu17;
				GCC_DYNAMIC_NO_PIC = NO;
				GCC_NO_COMMON_BLOCKS = YES;
				GCC_OPTIMIZATION_LEVEL = 0;
				GCC_PREPROCESSOR_DEFINITIONS = (
					"DEBUG=1",
					"$(inherited)",
				);
				GCC_WARN_64_TO_32_BIT_CONVERSION = YES;
				GCC_WARN_ABOUT_RETURN_TYPE = YES_ERROR;
				GCC_WARN_UNDECLARED_SELECTOR = YES;
				GCC_WARN_UNINITIALIZED_AUTOS = YES_AGGRESSIVE;
				GCC_WARN_UNUSED_FUNCTION = YES;
				GCC_WARN_UNUSED_VARIABLE = YES;
				LOCALIZATION_PREFERS_STRING_CATALOGS = YES;
				MACOSX_DEPLOYMENT_TARGET = 15.2;
				MTL_ENABLE_DEBUG_INFO = INCLUDE_SOURCE;
				MTL_FAST_MATH = YES;
				ONLY_ACTIVE_ARCH = YES;
				SDKROOT = macosx;
				SWIFT_ACTIVE_COMPILATION_CONDITIONS = "DEBUG $(inherited)";
				SWIFT_OPTIMIZATION_LEVEL = "-Onone";
			};
			name = Debug;
		};
		3D333EE12D639DF200D795BF /* Release */ = {
			isa = XCBuildConfiguration;
			buildSettings = {
				ALWAYS_SEARCH_USER_PATHS = NO;
				ASSETCATALOG_COMPILER_GENERATE_SWIFT_ASSET_SYMBOL_EXTENSIONS = YES;
				CLANG_ANALYZER_NONNULL = YES;
				CLANG_ANALYZER_NUMBER_OBJECT_CONVERSION = YES_AGGRESSIVE;
				CLANG_CXX_LANGUAGE_STANDARD = "gnu++20";
				CLANG_ENABLE_MODULES = YES;
				CLANG_ENABLE_OBJC_ARC = YES;
				CLANG_ENABLE_OBJC_WEAK = YES;
				CLANG_WARN_BLOCK_CAPTURE_AUTORELEASING = YES;
				CLANG_WARN_BOOL_CONVERSION = YES;
				CLANG_WARN_COMMA = YES;
				CLANG_WARN_CONSTANT_CONVERSION = YES;
				CLANG_WARN_DEPRECATED_OBJC_IMPLEMENTATIONS = YES;
				CLANG_WARN_DIRECT_OBJC_ISA_USAGE = YES_ERROR;
				CLANG_WARN_DOCUMENTATION_COMMENTS = YES;
				CLANG_WARN_EMPTY_BODY = YES;
				CLANG_WARN_ENUM_CONVERSION = YES;
				CLANG_WARN_INFINITE_RECURSION = YES;
				CLANG_WARN_INT_CONVERSION = YES;
				CLANG_WARN_NON_LITERAL_NULL_CONVERSION = YES;
				CLANG_WARN_OBJC_IMPLICIT_RETAIN_SELF = YES;
				CLANG_WARN_OBJC_LITERAL_CONVERSION = YES;
				CLANG_WARN_OBJC_ROOT_CLASS = YES_ERROR;
				CLANG_WARN_QUOTED_INCLUDE_IN_FRAMEWORK_HEADER = YES;
				CLANG_WARN_RANGE_LOOP_ANALYSIS = YES;
				CLANG_WARN_STRICT_PROTOTYPES = YES;
				CLANG_WARN_SUSPICIOUS_MOVE = YES;
				CLANG_WARN_UNGUARDED_AVAILABILITY = YES_AGGRESSIVE;
				CLANG_WARN_UNREACHABLE_CODE = YES;
				CLANG_WARN__DUPLICATE_METHOD_MATCH = YES;
				COPY_PHASE_STRIP = NO;
				DEBUG_INFORMATION_FORMAT = "dwarf-with-dsym";
				ENABLE_NS_ASSERTIONS = NO;
				ENABLE_STRICT_OBJC_MSGSEND = YES;
				ENABLE_USER_SCRIPT_SANDBOXING = YES;
				GCC_C_LANGUAGE_STANDARD = gnu17;
				GCC_NO_COMMON_BLOCKS = YES;
				GCC_WARN_64_TO_32_BIT_CONVERSION = YES;
				GCC_WARN_ABOUT_RETURN_TYPE = YES_ERROR;
				GCC_WARN_UNDECLARED_SELECTOR = YES;
				GCC_WARN_UNINITIALIZED_AUTOS = YES_AGGRESSIVE;
				GCC_WARN_UNUSED_FUNCTION = YES;
				GCC_WARN_UNUSED_VARIABLE = YES;
				LOCALIZATION_PREFERS_STRING_CATALOGS = YES;
				MACOSX_DEPLOYMENT_TARGET = 15.2;
				MTL_ENABLE_DEBUG_INFO = NO;
				MTL_FAST_MATH = YES;
				SDKROOT = macosx;
				SWIFT_COMPILATION_MODE = wholemodule;
			};
			name = Release;
		};
		3D333EE32D639DF200D795BF /* Debug */ = {
			isa = XCBuildConfiguration;
			buildSettings = {
				ASSETCATALOG_COMPILER_APPICON_NAME = AppIcon;
				ASSETCATALOG_COMPILER_GLOBAL_ACCENT_COLOR_NAME = AccentColor;
				ASSETCATALOG_COMPILER_INCLUDE_ALL_APPICON_ASSETS = YES;
				AUTOMATION_APPLE_EVENTS = NO;
				CODE_SIGN_ENTITLEMENTS = yaControl/yaControl.entitlements;
				CODE_SIGN_STYLE = Automatic;
				COMBINE_HIDPI_IMAGES = YES;
				CURRENT_PROJECT_VERSION = 1;
				DEVELOPMENT_ASSET_PATHS = "\"yaControl/Preview Content\"";
				DEVELOPMENT_TEAM = 7M7T9VZ52G;
				ENABLE_APP_SANDBOX = YES;
				ENABLE_HARDENED_RUNTIME = YES;
				ENABLE_INCOMING_NETWORK_CONNECTIONS = NO;
				ENABLE_OUTGOING_NETWORK_CONNECTIONS = NO;
				ENABLE_PREVIEWS = YES;
				ENABLE_RESOURCE_ACCESS_AUDIO_INPUT = NO;
				ENABLE_RESOURCE_ACCESS_BLUETOOTH = NO;
				ENABLE_RESOURCE_ACCESS_CALENDARS = NO;
				ENABLE_RESOURCE_ACCESS_CAMERA = NO;
				ENABLE_RESOURCE_ACCESS_CONTACTS = NO;
				ENABLE_RESOURCE_ACCESS_LOCATION = NO;
				ENABLE_RESOURCE_ACCESS_PHOTO_LIBRARY = NO;
				ENABLE_RESOURCE_ACCESS_PRINTING = NO;
				ENABLE_RESOURCE_ACCESS_USB = NO;
				GENERATE_INFOPLIST_FILE = YES;
				INFOPLIST_FILE = yaControl/Info.plist;
				INFOPLIST_KEY_CFBundleDisplayName = yaControl;
				INFOPLIST_KEY_LSApplicationCategoryType = "public.app-category.utilities";
				INFOPLIST_KEY_LSUIElement = YES;
				INFOPLIST_KEY_NSHumanReadableCopyright = "";
				LD_RUNPATH_SEARCH_PATHS = (
					"$(inherited)",
					"@executable_path/../Frameworks",
				);
				MARKETING_VERSION = 1.0;
				PRODUCT_BUNDLE_IDENTIFIER = com.krusty84.yaControl;
				PRODUCT_NAME = "$(TARGET_NAME)";
				RUNTIME_EXCEPTION_ALLOW_DYLD_ENVIRONMENT_VARIABLES = NO;
				RUNTIME_EXCEPTION_ALLOW_JIT = NO;
				RUNTIME_EXCEPTION_ALLOW_UNSIGNED_EXECUTABLE_MEMORY = NO;
				RUNTIME_EXCEPTION_DEBUGGING_TOOL = NO;
				RUNTIME_EXCEPTION_DISABLE_EXECUTABLE_PAGE_PROTECTION = NO;
				RUNTIME_EXCEPTION_DISABLE_LIBRARY_VALIDATION = NO;
				SWIFT_EMIT_LOC_STRINGS = YES;
				SWIFT_VERSION = 6.0;
			};
			name = Debug;
		};
		3D333EE42D639DF200D795BF /* Release */ = {
			isa = XCBuildConfiguration;
			buildSettings = {
				ASSETCATALOG_COMPILER_APPICON_NAME = AppIcon;
				ASSETCATALOG_COMPILER_GLOBAL_ACCENT_COLOR_NAME = AccentColor;
				ASSETCATALOG_COMPILER_INCLUDE_ALL_APPICON_ASSETS = YES;
				AUTOMATION_APPLE_EVENTS = NO;
				CODE_SIGN_ENTITLEMENTS = yaControl/yaControl.entitlements;
				CODE_SIGN_STYLE = Automatic;
				COMBINE_HIDPI_IMAGES = YES;
				CURRENT_PROJECT_VERSION = 1;
				DEVELOPMENT_ASSET_PATHS = "\"yaControl/Preview Content\"";
				DEVELOPMENT_TEAM = 7M7T9VZ52G;
				ENABLE_APP_SANDBOX = YES;
				ENABLE_HARDENED_RUNTIME = YES;
				ENABLE_INCOMING_NETWORK_CONNECTIONS = NO;
				ENABLE_OUTGOING_NETWORK_CONNECTIONS = NO;
				ENABLE_PREVIEWS = YES;
				ENABLE_RESOURCE_ACCESS_AUDIO_INPUT = NO;
				ENABLE_RESOURCE_ACCESS_BLUETOOTH = NO;
				ENABLE_RESOURCE_ACCESS_CALENDARS = NO;
				ENABLE_RESOURCE_ACCESS_CAMERA = NO;
				ENABLE_RESOURCE_ACCESS_CONTACTS = NO;
				ENABLE_RESOURCE_ACCESS_LOCATION = NO;
				ENABLE_RESOURCE_ACCESS_PHOTO_LIBRARY = NO;
				ENABLE_RESOURCE_ACCESS_PRINTING = NO;
				ENABLE_RESOURCE_ACCESS_USB = NO;
				GENERATE_INFOPLIST_FILE = YES;
				INFOPLIST_FILE = yaControl/Info.plist;
				INFOPLIST_KEY_CFBundleDisplayName = yaControl;
				INFOPLIST_KEY_LSApplicationCategoryType = "public.app-category.utilities";
				INFOPLIST_KEY_LSUIElement = YES;
				INFOPLIST_KEY_NSHumanReadableCopyright = "";
				LD_RUNPATH_SEARCH_PATHS = (
					"$(inherited)",
					"@executable_path/../Frameworks",
				);
				MARKETING_VERSION = 1.0;
				PRODUCT_BUNDLE_IDENTIFIER = com.krusty84.yaControl;
				PRODUCT_NAME = "$(TARGET_NAME)";
				RUNTIME_EXCEPTION_ALLOW_DYLD_ENVIRONMENT_VARIABLES = NO;
				RUNTIME_EXCEPTION_ALLOW_JIT = NO;
				RUNTIME_EXCEPTION_ALLOW_UNSIGNED_EXECUTABLE_MEMORY = NO;
				RUNTIME_EXCEPTION_DEBUGGING_TOOL = NO;
				RUNTIME_EXCEPTION_DISABLE_EXECUTABLE_PAGE_PROTECTION = NO;
				RUNTIME_EXCEPTION_DISABLE_LIBRARY_VALIDATION = NO;
				SWIFT_EMIT_LOC_STRINGS = YES;
				SWIFT_VERSION = 6.0;
			};
			name = Release;
		};
		3DF000012FDD000100000401 /* Debug */ = {
			isa = XCBuildConfiguration;
			buildSettings = {
				APPLICATION_EXTENSION_API_ONLY = YES;
				AUTOMATION_APPLE_EVENTS = NO;
				CODE_SIGN_ENTITLEMENTS = yaControlWidget/yaControlWidget.entitlements;
				CODE_SIGN_STYLE = Automatic;
				COMBINE_HIDPI_IMAGES = YES;
				CURRENT_PROJECT_VERSION = 1;
				DEVELOPMENT_TEAM = 7M7T9VZ52G;
				ENABLE_APP_SANDBOX = YES;
				ENABLE_HARDENED_RUNTIME = YES;
				ENABLE_PREVIEWS = YES;
				ENABLE_RESOURCE_ACCESS_AUDIO_INPUT = NO;
				ENABLE_RESOURCE_ACCESS_CALENDARS = NO;
				ENABLE_RESOURCE_ACCESS_CAMERA = NO;
				ENABLE_RESOURCE_ACCESS_CONTACTS = NO;
				ENABLE_RESOURCE_ACCESS_LOCATION = NO;
				ENABLE_RESOURCE_ACCESS_PHOTO_LIBRARY = NO;
				GENERATE_INFOPLIST_FILE = NO;
				INFOPLIST_FILE = yaControlWidget/Info.plist;
				LD_RUNPATH_SEARCH_PATHS = (
					"$(inherited)",
					"@executable_path/../Frameworks",
					"@executable_path/../../Frameworks",
				);
				MARKETING_VERSION = 1.0;
				PRODUCT_BUNDLE_IDENTIFIER = com.krusty84.yaControl.CloudSummaryWidget;
				PRODUCT_BUNDLE_PACKAGE_TYPE = "XPC!";
				PRODUCT_NAME = "$(TARGET_NAME)";
				RUNTIME_EXCEPTION_ALLOW_DYLD_ENVIRONMENT_VARIABLES = NO;
				RUNTIME_EXCEPTION_ALLOW_JIT = NO;
				RUNTIME_EXCEPTION_ALLOW_UNSIGNED_EXECUTABLE_MEMORY = NO;
				RUNTIME_EXCEPTION_DEBUGGING_TOOL = NO;
				RUNTIME_EXCEPTION_DISABLE_EXECUTABLE_PAGE_PROTECTION = NO;
				RUNTIME_EXCEPTION_DISABLE_LIBRARY_VALIDATION = NO;
				SKIP_INSTALL = YES;
				SWIFT_EMIT_LOC_STRINGS = YES;
				SWIFT_VERSION = 6.0;
			};
			name = Debug;
		};
		3DF000012FDD000100000402 /* Release */ = {
			isa = XCBuildConfiguration;
			buildSettings = {
				APPLICATION_EXTENSION_API_ONLY = YES;
				AUTOMATION_APPLE_EVENTS = NO;
				CODE_SIGN_ENTITLEMENTS = yaControlWidget/yaControlWidget.entitlements;
				CODE_SIGN_STYLE = Automatic;
				COMBINE_HIDPI_IMAGES = YES;
				CURRENT_PROJECT_VERSION = 1;
				DEVELOPMENT_TEAM = 7M7T9VZ52G;
				ENABLE_APP_SANDBOX = YES;
				ENABLE_HARDENED_RUNTIME = YES;
				ENABLE_PREVIEWS = YES;
				ENABLE_RESOURCE_ACCESS_AUDIO_INPUT = NO;
				ENABLE_RESOURCE_ACCESS_CALENDARS = NO;
				ENABLE_RESOURCE_ACCESS_CAMERA = NO;
				ENABLE_RESOURCE_ACCESS_CONTACTS = NO;
				ENABLE_RESOURCE_ACCESS_LOCATION = NO;
				ENABLE_RESOURCE_ACCESS_PHOTO_LIBRARY = NO;
				GENERATE_INFOPLIST_FILE = NO;
				INFOPLIST_FILE = yaControlWidget/Info.plist;
				LD_RUNPATH_SEARCH_PATHS = (
					"$(inherited)",
					"@executable_path/../Frameworks",
					"@executable_path/../../Frameworks",
				);
				MARKETING_VERSION = 1.0;
				PRODUCT_BUNDLE_IDENTIFIER = com.krusty84.yaControl.CloudSummaryWidget;
				PRODUCT_BUNDLE_PACKAGE_TYPE = "XPC!";
				PRODUCT_NAME = "$(TARGET_NAME)";
				RUNTIME_EXCEPTION_ALLOW_DYLD_ENVIRONMENT_VARIABLES = NO;
				RUNTIME_EXCEPTION_ALLOW_JIT = NO;
				RUNTIME_EXCEPTION_ALLOW_UNSIGNED_EXECUTABLE_MEMORY = NO;
				RUNTIME_EXCEPTION_DEBUGGING_TOOL = NO;
				RUNTIME_EXCEPTION_DISABLE_EXECUTABLE_PAGE_PROTECTION = NO;
				RUNTIME_EXCEPTION_DISABLE_LIBRARY_VALIDATION = NO;
				SKIP_INSTALL = YES;
				SWIFT_EMIT_LOC_STRINGS = YES;
				SWIFT_VERSION = 6.0;
			};
			name = Release;
		};
		3DF100012FE9000000000401 /* Debug */ = {
			isa = XCBuildConfiguration;
			buildSettings = {
				BUNDLE_LOADER = "$(TEST_HOST)";
				CODE_SIGN_STYLE = Automatic;
				COMBINE_HIDPI_IMAGES = YES;
				CURRENT_PROJECT_VERSION = 1;
				DEVELOPMENT_TEAM = 7M7T9VZ52G;
				GENERATE_INFOPLIST_FILE = YES;
				LD_RUNPATH_SEARCH_PATHS = (
					"$(inherited)",
					"@executable_path/../Frameworks",
					"@loader_path/../Frameworks",
				);
				MARKETING_VERSION = 1.0;
				PRODUCT_BUNDLE_IDENTIFIER = com.krusty84.yaControlTests;
				PRODUCT_NAME = "$(TARGET_NAME)";
				SWIFT_VERSION = 6.0;
				TEST_HOST = "$(BUILT_PRODUCTS_DIR)/yaControl.app/$(BUNDLE_EXECUTABLE_FOLDER_PATH)/yaControl";
				TEST_TARGET_NAME = yaControl;
			};
			name = Debug;
		};
		3DF100012FE9000000000402 /* Release */ = {
			isa = XCBuildConfiguration;
			buildSettings = {
				BUNDLE_LOADER = "$(TEST_HOST)";
				CODE_SIGN_STYLE = Automatic;
				COMBINE_HIDPI_IMAGES = YES;
				CURRENT_PROJECT_VERSION = 1;
				DEVELOPMENT_TEAM = 7M7T9VZ52G;
				GENERATE_INFOPLIST_FILE = YES;
				LD_RUNPATH_SEARCH_PATHS = (
					"$(inherited)",
					"@executable_path/../Frameworks",
					"@loader_path/../Frameworks",
				);
				MARKETING_VERSION = 1.0;
				PRODUCT_BUNDLE_IDENTIFIER = com.krusty84.yaControlTests;
				PRODUCT_NAME = "$(TARGET_NAME)";
				SWIFT_VERSION = 6.0;
				TEST_HOST = "$(BUILT_PRODUCTS_DIR)/yaControl.app/$(BUNDLE_EXECUTABLE_FOLDER_PATH)/yaControl";
				TEST_TARGET_NAME = yaControl;
			};
			name = Release;
		};
/* End XCBuildConfiguration section */

/* Begin XCConfigurationList section */
		3D333ECE2D639DF100D795BF /* Build configuration list for PBXProject "yaControl" */ = {
			isa = XCConfigurationList;
			buildConfigurations = (
				3D333EE02D639DF200D795BF /* Debug */,
				3D333EE12D639DF200D795BF /* Release */,
			);
			defaultConfigurationIsVisible = 0;
			defaultConfigurationName = Release;
		};
		3D333EE22D639DF200D795BF /* Build configuration list for PBXNativeTarget "yaControl" */ = {
			isa = XCConfigurationList;
			buildConfigurations = (
				3D333EE32D639DF200D795BF /* Debug */,
				3D333EE42D639DF200D795BF /* Release */,
			);
			defaultConfigurationIsVisible = 0;
			defaultConfigurationName = Release;
		};
		3DF000012FDD000100000404 /* Build configuration list for PBXNativeTarget "yaControlWidget" */ = {
			isa = XCConfigurationList;
			buildConfigurations = (
				3DF000012FDD000100000401 /* Debug */,
				3DF000012FDD000100000402 /* Release */,
			);
			defaultConfigurationIsVisible = 0;
			defaultConfigurationName = Release;
		};
		3DF100012FE9000000000404 /* Build configuration list for PBXNativeTarget "yaControlTests" */ = {
			isa = XCConfigurationList;
			buildConfigurations = (
				3DF100012FE9000000000401 /* Debug */,
				3DF100012FE9000000000402 /* Release */,
			);
			defaultConfigurationIsVisible = 0;
			defaultConfigurationName = Release;
		};
/* End XCConfigurationList section */

/* Begin XCRemoteSwiftPackageReference section */
		3DA094372FDE11ED00A7CEE1 /* XCRemoteSwiftPackageReference "ElegantTabs" */ = {
			isa = XCRemoteSwiftPackageReference;
			repositoryURL = "https://github.com/Krusty84/ElegantTabs.git";
			requirement = {
				kind = upToNextMajorVersion;
				minimumVersion = 1.1.0;
			};
		};
		3DA0943A2FDE121200A7CEE1 /* XCRemoteSwiftPackageReference "LaunchAtLogin-Modern" */ = {
			isa = XCRemoteSwiftPackageReference;
			repositoryURL = "https://github.com/sindresorhus/LaunchAtLogin-Modern";
			requirement = {
				kind = upToNextMajorVersion;
				minimumVersion = 1.0.0;
			};
		};
/* End XCRemoteSwiftPackageReference section */

/* Begin XCSwiftPackageProductDependency section */
		3DA094382FDE11ED00A7CEE1 /* ElegantTabs */ = {
			isa = XCSwiftPackageProductDependency;
			package = 3DA094372FDE11ED00A7CEE1 /* XCRemoteSwiftPackageReference "ElegantTabs" */;
			productName = ElegantTabs;
		};
		3DA0943B2FDE121200A7CEE1 /* LaunchAtLogin */ = {
			isa = XCSwiftPackageProductDependency;
			package = 3DA0943A2FDE121200A7CEE1 /* XCRemoteSwiftPackageReference "LaunchAtLogin-Modern" */;
			productName = LaunchAtLogin;
		};
/* End XCSwiftPackageProductDependency section */
	};
	rootObject = 3D333ECB2D639DF100D795BF /* Project object */;
}
