{
  "originHash" : "7e7846c65c78008c71a738ee8ce982f377dfd87278138110aa18e0d735a9b848",
  "pins" : [
    {
      "identity" : "eleganttabs",
      "kind" : "remoteSourceControl",
      "location" : "https://github.com/Krusty84/ElegantTabs.git",
      "state" : {
        "revision" : "88275a8e68873ac121624061a1730af1edaca292",
        "version" : "1.1.0"
      }
    },
    {
      "identity" : "launchatlogin-modern",
      "kind" : "remoteSourceControl",
      "location" : "https://github.com/sindresorhus/LaunchAtLogin-Modern",
      "state" : {
        "revision" : "a04ec1c363be3627734f6dad757d82f5d4fa8fcc",
        "version" : "1.1.0"
      }
    }
  ],
  "version" : 3
}
