{
  "originHash" : "b80442969525e777be90e8f727a357a9ec51387d7f844accb60d7029e15f58ff",
  "pins" : [
    {
      "identity" : "goodpropertabs",
      "kind" : "remoteSourceControl",
      "location" : "https://github.com/Krusty84/GoodProperTabs.git",
      "state" : {
        "revision" : "e9c72a1de3c8a6a190cfdab77a7efeddce993f85",
        "version" : "1.1.1"
      }
    }
  ],
  "version" : 3
}
